{
  "name": "nested-dep",
  "version": "1.0.0",
  "lockfileVersion": 3,
  "requires": true,
  "packages": {
    "": {
      "name": "nested-dep",
      "version": "1.0.0",
      "license": "ISC",
      "dependencies": {
        "double-nested": "file:../double-nested"
      }
    },
    "../double-nested": {
      "version": "1.0.0",
      "license": "ISC"
    },
    "node_modules/double-nested": {
      "resolved": "../double-nested",
      "link": true
    }
  }
}
